
Microsoft Visual Studio Solution File, Format Version 12.00
# Visual Studio Version 16
VisualStudioVersion = 16.0.29001.49
MinimumVisualStudioVersion = 10.0.40219.1
Project("{00D1A9C2-B5F0-4AF3-8072-F6C62B433612}") = "Rio.Database", "Rio.Database\Rio.Database.sqlproj", "{7C0AB398-BC95-4FB0-BDD6-98CD72CC646C}"
EndProject
Project("{9A19103F-16F7-4668-BE54-9A1E7A4F7556}") = "Rio.EFModels", "Rio.EFModels\Rio.EFModels.csproj", "{BCA833B8-BDA4-410B-811D-381C420EAA57}"
EndProject
Project("{9A19103F-16F7-4668-BE54-9A1E7A4F7556}") = "Rio.API", "Rio.API\Rio.API.csproj", "{08A79878-7C33-4006-BF72-F0862B30A916}"
EndProject
Project("{9A19103F-16F7-4668-BE54-9A1E7A4F7556}") = "Rio.Models", "Rio.Models\Rio.Models.csproj", "{33EFE513-43CA-4375-A3BA-3D0CD3513571}"
EndProject
Project("{E53339B2-1760-4266-BCC7-CA923CBCF16C}") = "docker-compose", "docker-compose\docker-compose.dcproj", "{4ADC0EA7-5D32-4AEC-B818-FCC266A4E6F6}"
EndProject
Project("{E53339B2-1760-4266-BCC7-CA923CBCF16C}") = "db-docker-compose", "Rio.Database\docker-compose\db-docker-compose.dcproj", "{6F52EA2C-114E-4F5A-B649-40CFFEFE0B4F}"
EndProject
Global
	GlobalSection(SolutionConfigurationPlatforms) = preSolution
		Debug|Any CPU = Debug|Any CPU
		Release|Any CPU = Release|Any CPU
	EndGlobalSection
	GlobalSection(ProjectConfigurationPlatforms) = postSolution
		{7C0AB398-BC95-4FB0-BDD6-98CD72CC646C}.Debug|Any CPU.ActiveCfg = Debug|Any CPU
		{7C0AB398-BC95-4FB0-BDD6-98CD72CC646C}.Debug|Any CPU.Build.0 = Debug|Any CPU
		{7C0AB398-BC95-4FB0-BDD6-98CD72CC646C}.Debug|Any CPU.Deploy.0 = Debug|Any CPU
		{7C0AB398-BC95-4FB0-BDD6-98CD72CC646C}.Release|Any CPU.ActiveCfg = Release|Any CPU
		{7C0AB398-BC95-4FB0-BDD6-98CD72CC646C}.Release|Any CPU.Build.0 = Release|Any CPU
		{7C0AB398-BC95-4FB0-BDD6-98CD72CC646C}.Release|Any CPU.Deploy.0 = Release|Any CPU
		{BCA833B8-BDA4-410B-811D-381C420EAA57}.Debug|Any CPU.ActiveCfg = Debug|Any CPU
		{BCA833B8-BDA4-410B-811D-381C420EAA57}.Debug|Any CPU.Build.0 = Debug|Any CPU
		{BCA833B8-BDA4-410B-811D-381C420EAA57}.Release|Any CPU.ActiveCfg = Release|Any CPU
		{BCA833B8-BDA4-410B-811D-381C420EAA57}.Release|Any CPU.Build.0 = Release|Any CPU
		{08A79878-7C33-4006-BF72-F0862B30A916}.Debug|Any CPU.ActiveCfg = Debug|Any CPU
		{08A79878-7C33-4006-BF72-F0862B30A916}.Debug|Any CPU.Build.0 = Debug|Any CPU
		{08A79878-7C33-4006-BF72-F0862B30A916}.Release|Any CPU.ActiveCfg = Release|Any CPU
		{08A79878-7C33-4006-BF72-F0862B30A916}.Release|Any CPU.Build.0 = Release|Any CPU
		{33EFE513-43CA-4375-A3BA-3D0CD3513571}.Debug|Any CPU.ActiveCfg = Debug|Any CPU
		{33EFE513-43CA-4375-A3BA-3D0CD3513571}.Debug|Any CPU.Build.0 = Debug|Any CPU
		{33EFE513-43CA-4375-A3BA-3D0CD3513571}.Release|Any CPU.ActiveCfg = Release|Any CPU
		{33EFE513-43CA-4375-A3BA-3D0CD3513571}.Release|Any CPU.Build.0 = Release|Any CPU
		{4ADC0EA7-5D32-4AEC-B818-FCC266A4E6F6}.Debug|Any CPU.ActiveCfg = Debug|Any CPU
		{4ADC0EA7-5D32-4AEC-B818-FCC266A4E6F6}.Debug|Any CPU.Build.0 = Debug|Any CPU
		{4ADC0EA7-5D32-4AEC-B818-FCC266A4E6F6}.Release|Any CPU.ActiveCfg = Release|Any CPU
		{4ADC0EA7-5D32-4AEC-B818-FCC266A4E6F6}.Release|Any CPU.Build.0 = Release|Any CPU
		{6F52EA2C-114E-4F5A-B649-40CFFEFE0B4F}.Debug|Any CPU.ActiveCfg = Debug|Any CPU
		{6F52EA2C-114E-4F5A-B649-40CFFEFE0B4F}.Debug|Any CPU.Build.0 = Debug|Any CPU
		{6F52EA2C-114E-4F5A-B649-40CFFEFE0B4F}.Release|Any CPU.ActiveCfg = Release|Any CPU
		{6F52EA2C-114E-4F5A-B649-40CFFEFE0B4F}.Release|Any CPU.Build.0 = Release|Any CPU
	EndGlobalSection
	GlobalSection(SolutionProperties) = preSolution
		HideSolutionNode = FALSE
	EndGlobalSection
	GlobalSection(ExtensibilityGlobals) = postSolution
		SolutionGuid = {98C88476-C20A-4B23-A125-AF5E026E033E}
	EndGlobalSection
EndGlobal
